Microsoft Visual Studio Solution File, Format Version 8.00
Project("{8BC9CEB8-8B4A-11D0-8D11-00A0C91BC942}") = "Sample1", "Samples\Sample1\Sample1.vcproj", "{1396D195-2B0F-4724-B459-EAEC773F3A66}"
	ProjectSection(ProjectDependencies) = postProject
	EndProjectSection
EndProject
Project("{8BC9CEB8-8B4A-11D0-8D11-00A0C91BC942}") = "Sample2", "Samples\Sample2\Sample2.vcproj", "{9412D2C3-4A03-4665-B781-B47D87469C49}"
	ProjectSection(ProjectDependencies) = postProject
	EndProjectSection
EndProject
Project("{8BC9CEB8-8B4A-11D0-8D11-00A0C91BC942}") = "Sample3", "Samples\Sample3\Sample3.vcproj", "{B406DB0C-3A82-4CD5-B6E7-8030D8449CC2}"
	ProjectSection(ProjectDependencies) = postProject
	EndProjectSection
EndProject
Project("{8BC9CEB8-8B4A-11D0-8D11-00A0C91BC942}") = "Sample4_Tab", "Samples\Sample4_Tab\Sample4_Tab.vcproj", "{DAE70133-62AB-4D8E-BDAF-E841CA710413}"
	ProjectSection(ProjectDependencies) = postProject
	EndProjectSection
EndProject
Project("{8BC9CEB8-8B4A-11D0-8D11-00A0C91BC942}") = "KuiDesigner", "KuiDesigner\KuiDesigner.vcproj", "{B60B6F57-9310-4260-AC6A-F04D75D92ADB}"
	ProjectSection(ProjectDependencies) = postProject
	EndProjectSection
EndProject
Global
	GlobalSection(SolutionConfiguration) = preSolution
		Debug = Debug
		Release = Release
	EndGlobalSection
	GlobalSection(ProjectConfiguration) = postSolution
		{1396D195-2B0F-4724-B459-EAEC773F3A66}.Debug.ActiveCfg = Debug|Win32
		{1396D195-2B0F-4724-B459-EAEC773F3A66}.Debug.Build.0 = Debug|Win32
		{1396D195-2B0F-4724-B459-EAEC773F3A66}.Release.ActiveCfg = Release|Win32
		{1396D195-2B0F-4724-B459-EAEC773F3A66}.Release.Build.0 = Release|Win32
		{9412D2C3-4A03-4665-B781-B47D87469C49}.Debug.ActiveCfg = Debug|Win32
		{9412D2C3-4A03-4665-B781-B47D87469C49}.Debug.Build.0 = Debug|Win32
		{9412D2C3-4A03-4665-B781-B47D87469C49}.Release.ActiveCfg = Release|Win32
		{9412D2C3-4A03-4665-B781-B47D87469C49}.Release.Build.0 = Release|Win32
		{B406DB0C-3A82-4CD5-B6E7-8030D8449CC2}.Debug.ActiveCfg = Debug|Win32
		{B406DB0C-3A82-4CD5-B6E7-8030D8449CC2}.Debug.Build.0 = Debug|Win32
		{B406DB0C-3A82-4CD5-B6E7-8030D8449CC2}.Release.ActiveCfg = Release|Win32
		{B406DB0C-3A82-4CD5-B6E7-8030D8449CC2}.Release.Build.0 = Release|Win32
		{DAE70133-62AB-4D8E-BDAF-E841CA710413}.Debug.ActiveCfg = Debug|Win32
		{DAE70133-62AB-4D8E-BDAF-E841CA710413}.Debug.Build.0 = Debug|Win32
		{DAE70133-62AB-4D8E-BDAF-E841CA710413}.Release.ActiveCfg = Release|Win32
		{DAE70133-62AB-4D8E-BDAF-E841CA710413}.Release.Build.0 = Release|Win32
		{B60B6F57-9310-4260-AC6A-F04D75D92ADB}.Debug.ActiveCfg = Debug|Win32
		{B60B6F57-9310-4260-AC6A-F04D75D92ADB}.Debug.Build.0 = Debug|Win32
		{B60B6F57-9310-4260-AC6A-F04D75D92ADB}.Release.ActiveCfg = Release|Win32
		{B60B6F57-9310-4260-AC6A-F04D75D92ADB}.Release.Build.0 = Release|Win32
	EndGlobalSection
	GlobalSection(ExtensibilityGlobals) = postSolution
	EndGlobalSection
	GlobalSection(ExtensibilityAddIns) = postSolution
	EndGlobalSection
EndGlobal
